
Microsoft Visual Studio Solution File, Format Version 12.00
# Visual Studio Version 16
VisualStudioVersion = 16.0.29215.179
MinimumVisualStudioVersion = 10.0.40219.1
Project("{FAE04EC0-301F-11D3-BF4B-00C04F79EFBC}") = "TDD", "TDD\TDD.csproj", "{EB6ACB3D-34D9-4380-9ED7-9FA694188A56}"
EndProject
Project("{FAE04EC0-301F-11D3-BF4B-00C04F79EFBC}") = "UnitTestProject1", "UnitTestProject1\UnitTestProject1.csproj", "{0CEC9D74-2CA6-4599-917E-9F73A347AFA8}"
EndProject
Global
	GlobalSection(SolutionConfigurationPlatforms) = preSolution
		Debug|Any CPU = Debug|Any CPU
		Release|Any CPU = Release|Any CPU
	EndGlobalSection
	GlobalSection(ProjectConfigurationPlatforms) = postSolution
		{EB6ACB3D-34D9-4380-9ED7-9FA694188A56}.Debug|Any CPU.ActiveCfg = Debug|Any CPU
		{EB6ACB3D-34D9-4380-9ED7-9FA694188A56}.Debug|Any CPU.Build.0 = Debug|Any CPU
		{EB6ACB3D-34D9-4380-9ED7-9FA694188A56}.Release|Any CPU.ActiveCfg = Release|Any CPU
		{EB6ACB3D-34D9-4380-9ED7-9FA694188A56}.Release|Any CPU.Build.0 = Release|Any CPU
		{0CEC9D74-2CA6-4599-917E-9F73A347AFA8}.Debug|Any CPU.ActiveCfg = Debug|Any CPU
		{0CEC9D74-2CA6-4599-917E-9F73A347AFA8}.Debug|Any CPU.Build.0 = Debug|Any CPU
		{0CEC9D74-2CA6-4599-917E-9F73A347AFA8}.Release|Any CPU.ActiveCfg = Release|Any CPU
		{0CEC9D74-2CA6-4599-917E-9F73A347AFA8}.Release|Any CPU.Build.0 = Release|Any CPU
	EndGlobalSection
	GlobalSection(SolutionProperties) = preSolution
		HideSolutionNode = FALSE
	EndGlobalSection
	GlobalSection(ExtensibilityGlobals) = postSolution
		SolutionGuid = {0683298B-C144-4D97-A41B-C51C85A3BB70}
	EndGlobalSection
EndGlobal
